
Microsoft Visual Studio Solution File, Format Version 12.00
# Visual Studio Version 17
VisualStudioVersion = 17.5.002.0
MinimumVisualStudioVersion = 10.0.40219.1
Project("{2150E333-8FDC-42A3-9474-1A3956D46DE8}") = "src", "src", "{235EFEC5-8224-403E-989F-FE58ECB14409}"
EndProject
Project("{2150E333-8FDC-42A3-9474-1A3956D46DE8}") = "Bootstrapper", "Bootstrapper", "{93110303-A003-41D3-B480-3DF6140A7CFD}"
EndProject
Project("{FAE04EC0-301F-11D3-BF4B-00C04F79EFBC}") = "PSuite.Bootstrapper", "src\Bootstrapper\PSuite.Bootstrapper\PSuite.Bootstrapper.csproj", "{5A83564C-02DB-4508-A9A4-08469FFBED02}"
EndProject
Project("{2150E333-8FDC-42A3-9474-1A3956D46DE8}") = "APIGateway", "APIGateway", "{E794E263-FA70-444A-9E28-40D4A905038B}"
EndProject
Project("{FAE04EC0-301F-11D3-BF4B-00C04F79EFBC}") = "PSuite.APIGateway", "src\APIGateway\PSuite.APIGateway\PSuite.APIGateway.csproj", "{A8DC7CC2-2D71-4992-8AB1-B53392350A68}"
EndProject
Project("{2150E333-8FDC-42A3-9474-1A3956D46DE8}") = "Shared", "Shared", "{C2FDCE3A-E9D2-4BA2-AF4E-7D9488DA4A35}"
EndProject
Project("{FAE04EC0-301F-11D3-BF4B-00C04F79EFBC}") = "PSuite.Infrastructure", "src\Shared\PSuite.Infrastructure\PSuite.Infrastructure.csproj", "{C4AAEC01-984C-4542-A154-998662FF0555}"
EndProject
Project("{FAE04EC0-301F-11D3-BF4B-00C04F79EFBC}") = "PSuite.Abstractions", "src\Shared\PSuite.Abstractions\PSuite.Abstractions.csproj", "{2D105B9B-BDEA-4062-A877-DFC1C0554550}"
EndProject
Global
	GlobalSection(SolutionConfigurationPlatforms) = preSolution
		Debug|Any CPU = Debug|Any CPU
		Release|Any CPU = Release|Any CPU
	EndGlobalSection
	GlobalSection(ProjectConfigurationPlatforms) = postSolution
		{5A83564C-02DB-4508-A9A4-08469FFBED02}.Debug|Any CPU.ActiveCfg = Debug|Any CPU
		{5A83564C-02DB-4508-A9A4-08469FFBED02}.Debug|Any CPU.Build.0 = Debug|Any CPU
		{5A83564C-02DB-4508-A9A4-08469FFBED02}.Release|Any CPU.ActiveCfg = Release|Any CPU
		{5A83564C-02DB-4508-A9A4-08469FFBED02}.Release|Any CPU.Build.0 = Release|Any CPU
		{A8DC7CC2-2D71-4992-8AB1-B53392350A68}.Debug|Any CPU.ActiveCfg = Debug|Any CPU
		{A8DC7CC2-2D71-4992-8AB1-B53392350A68}.Debug|Any CPU.Build.0 = Debug|Any CPU
		{A8DC7CC2-2D71-4992-8AB1-B53392350A68}.Release|Any CPU.ActiveCfg = Release|Any CPU
		{A8DC7CC2-2D71-4992-8AB1-B53392350A68}.Release|Any CPU.Build.0 = Release|Any CPU
		{C4AAEC01-984C-4542-A154-998662FF0555}.Debug|Any CPU.ActiveCfg = Debug|Any CPU
		{C4AAEC01-984C-4542-A154-998662FF0555}.Debug|Any CPU.Build.0 = Debug|Any CPU
		{C4AAEC01-984C-4542-A154-998662FF0555}.Release|Any CPU.ActiveCfg = Release|Any CPU
		{C4AAEC01-984C-4542-A154-998662FF0555}.Release|Any CPU.Build.0 = Release|Any CPU
		{2D105B9B-BDEA-4062-A877-DFC1C0554550}.Debug|Any CPU.ActiveCfg = Debug|Any CPU
		{2D105B9B-BDEA-4062-A877-DFC1C0554550}.Debug|Any CPU.Build.0 = Debug|Any CPU
		{2D105B9B-BDEA-4062-A877-DFC1C0554550}.Release|Any CPU.ActiveCfg = Release|Any CPU
		{2D105B9B-BDEA-4062-A877-DFC1C0554550}.Release|Any CPU.Build.0 = Release|Any CPU
	EndGlobalSection
	GlobalSection(SolutionProperties) = preSolution
		HideSolutionNode = FALSE
	EndGlobalSection
	GlobalSection(NestedProjects) = preSolution
		{93110303-A003-41D3-B480-3DF6140A7CFD} = {235EFEC5-8224-403E-989F-FE58ECB14409}
		{5A83564C-02DB-4508-A9A4-08469FFBED02} = {93110303-A003-41D3-B480-3DF6140A7CFD}
		{E794E263-FA70-444A-9E28-40D4A905038B} = {235EFEC5-8224-403E-989F-FE58ECB14409}
		{A8DC7CC2-2D71-4992-8AB1-B53392350A68} = {E794E263-FA70-444A-9E28-40D4A905038B}
		{C2FDCE3A-E9D2-4BA2-AF4E-7D9488DA4A35} = {235EFEC5-8224-403E-989F-FE58ECB14409}
		{C4AAEC01-984C-4542-A154-998662FF0555} = {C2FDCE3A-E9D2-4BA2-AF4E-7D9488DA4A35}
		{2D105B9B-BDEA-4062-A877-DFC1C0554550} = {C2FDCE3A-E9D2-4BA2-AF4E-7D9488DA4A35}
	EndGlobalSection
	GlobalSection(ExtensibilityGlobals) = postSolution
		SolutionGuid = {6F831E50-7ABD-4019-B393-73305D380872}
	EndGlobalSection
EndGlobal
